
Microsoft Visual Studio Solution File, Format Version 12.00
# Visual Studio Version 16
VisualStudioVersion = 16.0.31229.75
MinimumVisualStudioVersion = 10.0.40219.1
Project("{FAE04EC0-301F-11D3-BF4B-00C04F79EFBC}") = "SimpleCheckers", "SimpleCheckers\SimpleCheckers.csproj", "{A0B2E713-3B6D-444C-BF0E-5301B2575E85}"
EndProject
Global
	GlobalSection(SolutionConfigurationPlatforms) = preSolution
		Debug|Any CPU = Debug|Any CPU
		Release|Any CPU = Release|Any CPU
	EndGlobalSection
	GlobalSection(ProjectConfigurationPlatforms) = postSolution
		{A0B2E713-3B6D-444C-BF0E-5301B2575E85}.Debug|Any CPU.ActiveCfg = Debug|Any CPU
		{A0B2E713-3B6D-444C-BF0E-5301B2575E85}.Debug|Any CPU.Build.0 = Debug|Any CPU
		{A0B2E713-3B6D-444C-BF0E-5301B2575E85}.Release|Any CPU.ActiveCfg = Release|Any CPU
		{A0B2E713-3B6D-444C-BF0E-5301B2575E85}.Release|Any CPU.Build.0 = Release|Any CPU
	EndGlobalSection
	GlobalSection(SolutionProperties) = preSolution
		HideSolutionNode = FALSE
	EndGlobalSection
	GlobalSection(ExtensibilityGlobals) = postSolution
		SolutionGuid = {973CBB69-57D8-4726-B1C0-20189DBBE85E}
	EndGlobalSection
EndGlobal
